
Microsoft Visual Studio Solution File, Format Version 12.00
# Visual Studio Version 17
VisualStudioVersion = 17.7.34018.315
MinimumVisualStudioVersion = 10.0.40219.1
Project("{FAE04EC0-301F-11D3-BF4B-00C04F79EFBC}") = "P1", "P1\P1.csproj", "{9536F385-1CB8-44AF-AD9E-90E691DD3269}"
EndProject
Global
	GlobalSection(SolutionConfigurationPlatforms) = preSolution
		Debug|Any CPU = Debug|Any CPU
		Release|Any CPU = Release|Any CPU
	EndGlobalSection
	GlobalSection(ProjectConfigurationPlatforms) = postSolution
		{9536F385-1CB8-44AF-AD9E-90E691DD3269}.Debug|Any CPU.ActiveCfg = Debug|Any CPU
		{9536F385-1CB8-44AF-AD9E-90E691DD3269}.Debug|Any CPU.Build.0 = Debug|Any CPU
		{9536F385-1CB8-44AF-AD9E-90E691DD3269}.Release|Any CPU.ActiveCfg = Release|Any CPU
		{9536F385-1CB8-44AF-AD9E-90E691DD3269}.Release|Any CPU.Build.0 = Release|Any CPU
	EndGlobalSection
	GlobalSection(SolutionProperties) = preSolution
		HideSolutionNode = FALSE
	EndGlobalSection
	GlobalSection(ExtensibilityGlobals) = postSolution
		SolutionGuid = {9F3ED98E-216E-41E0-B54C-185C9877D27F}
	EndGlobalSection
EndGlobal
